github.com/urkx/lgo v0.1.0 h1:6fq9ekHat1M4/vucXZkBdgbiymUPCZdMr8VWdhW3crA=
github.com/urkx/lgo v0.1.0/go.mod h1:etIHB5vz2t8jgJ83zxrrVN8kbNppW5/kmLUR+i+99fY=
github.com/urkx/lgo v0.1.1 h1:FB7OgxJxNdL+RXzFsLG76/6CDGEibfYFu+NiXY2LCoI=
github.com/urkx/lgo v0.1.1/go.mod h1:etIHB5vz2t8jgJ83zxrrVN8kbNppW5/kmLUR+i+99fY=
github.com/urkx/lgo v0.1.2 h1:mG3GhHFNTEOeB4jnRh3IzHzfY6dn0QT6dL2nmSiCBic=
github.com/urkx/lgo v0.1.2/go.mod h1:etIHB5vz2t8jgJ83zxrrVN8kbNppW5/kmLUR+i+99fY=
github.com/urkx/lgo v0.1.3 h1:vq44MK39Qld0B5dNd1jLEEnzTIFvy245T8LKwgNcXWc=
github.com/urkx/lgo v0.1.3/go.mod h1:etIHB5vz2t8jgJ83zxrrVN8kbNppW5/kmLUR+i+99fY=
